
Microsoft Visual Studio Solution File, Format Version 12.00
# Visual Studio Version 16
VisualStudioVersion = 16.0.31424.327
MinimumVisualStudioVersion = 10.0.40219.1
Project("{9A19103F-16F7-4668-BE54-9A1E7A4F7556}") = "UdemyTutorial", "UdemyTutorial\UdemyTutorial.csproj", "{AAD5101F-25E0-46B6-B829-C8A54C9CF1C0}"
EndProject
Project("{9A19103F-16F7-4668-BE54-9A1E7A4F7556}") = "Delege", "Delege\Delege.csproj", "{9FD223EC-AAD8-4177-8DE2-B83FC7CF7669}"
EndProject
Project("{9A19103F-16F7-4668-BE54-9A1E7A4F7556}") = "SenkronikAsenkronik", "SenkronikAsenkronik\SenkronikAsenkronik.csproj", "{04F1C149-3CD9-407B-AC7B-23A3960ED03B}"
EndProject
Project("{FAE04EC0-301F-11D3-BF4B-00C04F79EFBC}") = "WebApplication1", "WebApplication1\WebApplication1.csproj", "{8E8150E0-7707-4AAE-9F6E-31682CA109D4}"
EndProject
Global
	GlobalSection(SolutionConfigurationPlatforms) = preSolution
		Debug|Any CPU = Debug|Any CPU
		Release|Any CPU = Release|Any CPU
	EndGlobalSection
	GlobalSection(ProjectConfigurationPlatforms) = postSolution
		{AAD5101F-25E0-46B6-B829-C8A54C9CF1C0}.Debug|Any CPU.ActiveCfg = Debug|Any CPU
		{AAD5101F-25E0-46B6-B829-C8A54C9CF1C0}.Debug|Any CPU.Build.0 = Debug|Any CPU
		{AAD5101F-25E0-46B6-B829-C8A54C9CF1C0}.Release|Any CPU.ActiveCfg = Release|Any CPU
		{AAD5101F-25E0-46B6-B829-C8A54C9CF1C0}.Release|Any CPU.Build.0 = Release|Any CPU
		{9FD223EC-AAD8-4177-8DE2-B83FC7CF7669}.Debug|Any CPU.ActiveCfg = Debug|Any CPU
		{9FD223EC-AAD8-4177-8DE2-B83FC7CF7669}.Debug|Any CPU.Build.0 = Debug|Any CPU
		{9FD223EC-AAD8-4177-8DE2-B83FC7CF7669}.Release|Any CPU.ActiveCfg = Release|Any CPU
		{9FD223EC-AAD8-4177-8DE2-B83FC7CF7669}.Release|Any CPU.Build.0 = Release|Any CPU
		{04F1C149-3CD9-407B-AC7B-23A3960ED03B}.Debug|Any CPU.ActiveCfg = Debug|Any CPU
		{04F1C149-3CD9-407B-AC7B-23A3960ED03B}.Debug|Any CPU.Build.0 = Debug|Any CPU
		{04F1C149-3CD9-407B-AC7B-23A3960ED03B}.Release|Any CPU.ActiveCfg = Release|Any CPU
		{04F1C149-3CD9-407B-AC7B-23A3960ED03B}.Release|Any CPU.Build.0 = Release|Any CPU
		{8E8150E0-7707-4AAE-9F6E-31682CA109D4}.Debug|Any CPU.ActiveCfg = Debug|Any CPU
		{8E8150E0-7707-4AAE-9F6E-31682CA109D4}.Debug|Any CPU.Build.0 = Debug|Any CPU
		{8E8150E0-7707-4AAE-9F6E-31682CA109D4}.Release|Any CPU.ActiveCfg = Release|Any CPU
		{8E8150E0-7707-4AAE-9F6E-31682CA109D4}.Release|Any CPU.Build.0 = Release|Any CPU
	EndGlobalSection
	GlobalSection(SolutionProperties) = preSolution
		HideSolutionNode = FALSE
	EndGlobalSection
	GlobalSection(ExtensibilityGlobals) = postSolution
		SolutionGuid = {FDFC913D-3448-469F-8C49-1FDBF42020D8}
	EndGlobalSection
EndGlobal
